
Microsoft Visual Studio Solution File, Format Version 12.00
# Visual Studio Version 17
VisualStudioVersion = 17.0.31903.59
MinimumVisualStudioVersion = 10.0.40219.1
Project("{FAE04EC0-301F-11D3-BF4B-00C04F79EFBC}") = "MapSandBox", "MapSandBox\MapSandBox.csproj", "{06FFBDF6-A3CB-4AFE-B646-DE2783331514}"
EndProject
Project("{FAE04EC0-301F-11D3-BF4B-00C04F79EFBC}") = "TCDS.Importer", "TCDS.Importer\TCDS.Importer.csproj", "{5573D240-03CD-4051-8FEA-2BBAB2D09006}"
EndProject
Project("{FAE04EC0-301F-11D3-BF4B-00C04F79EFBC}") = "CrisDataProcessor", "CrisDataProcessor\CrisDataProcessor.csproj", "{86474BFA-9575-4E79-88AE-4B1646746107}"
EndProject
Project("{FAE04EC0-301F-11D3-BF4B-00C04F79EFBC}") = "SoilDataProcessor", "SoilDataProcessor\SoilDataProcessor.csproj", "{B8C9D123-4567-4C89-9012-345678901234}"
EndProject
Project("{FAE04EC0-301F-11D3-BF4B-00C04F79EFBC}") = "MapSandBox.Shared", "MapSandBox.Shared\MapSandBox.Shared.csproj", "{C9D0E234-5678-4D9A-0123-456789012345}"
EndProject
Project("{FAE04EC0-301F-11D3-BF4B-00C04F79EFBC}") = "TripGenProcessor", "TripGenProcessor\TripGenProcessor.csproj", "{33CD3D8F-8ADF-4B35-8C90-4ED8BE76BA1A}"
EndProject
Project("{FAE04EC0-301F-11D3-BF4B-00C04F79EFBC}") = "NoaaDataProcessor", "NoaaDataProcessor\NoaaDataProcessor.csproj", "{89B40B5A-433A-4479-81FD-D6B3DD2FE042}"
EndProject
Project("{FAE04EC0-301F-11D3-BF4B-00C04F79EFBC}") = "TileUploadUtility", "TileUploadUtility\TileUploadUtility.csproj", "{B6A11D36-3F44-4344-A774-E14CFD382245}"
EndProject
Global
	GlobalSection(SolutionConfigurationPlatforms) = preSolution
		Debug|Any CPU = Debug|Any CPU
		Debug|x64 = Debug|x64
		Debug|x86 = Debug|x86
		Release|Any CPU = Release|Any CPU
		Release|x64 = Release|x64
		Release|x86 = Release|x86
	EndGlobalSection
	GlobalSection(ProjectConfigurationPlatforms) = postSolution
		{06FFBDF6-A3CB-4AFE-B646-DE2783331514}.Debug|Any CPU.ActiveCfg = Debug|Any CPU
		{06FFBDF6-A3CB-4AFE-B646-DE2783331514}.Debug|Any CPU.Build.0 = Debug|Any CPU
		{06FFBDF6-A3CB-4AFE-B646-DE2783331514}.Debug|x64.ActiveCfg = Debug|Any CPU
		{06FFBDF6-A3CB-4AFE-B646-DE2783331514}.Debug|x64.Build.0 = Debug|Any CPU
		{06FFBDF6-A3CB-4AFE-B646-DE2783331514}.Debug|x86.ActiveCfg = Debug|Any CPU
		{06FFBDF6-A3CB-4AFE-B646-DE2783331514}.Debug|x86.Build.0 = Debug|Any CPU
		{06FFBDF6-A3CB-4AFE-B646-DE2783331514}.Release|Any CPU.ActiveCfg = Release|Any CPU
		{06FFBDF6-A3CB-4AFE-B646-DE2783331514}.Release|Any CPU.Build.0 = Release|Any CPU
		{06FFBDF6-A3CB-4AFE-B646-DE2783331514}.Release|x64.ActiveCfg = Release|Any CPU
		{06FFBDF6-A3CB-4AFE-B646-DE2783331514}.Release|x64.Build.0 = Release|Any CPU
		{06FFBDF6-A3CB-4AFE-B646-DE2783331514}.Release|x86.ActiveCfg = Release|Any CPU
		{06FFBDF6-A3CB-4AFE-B646-DE2783331514}.Release|x86.Build.0 = Release|Any CPU
		{5573D240-03CD-4051-8FEA-2BBAB2D09006}.Debug|Any CPU.ActiveCfg = Debug|Any CPU
		{5573D240-03CD-4051-8FEA-2BBAB2D09006}.Debug|Any CPU.Build.0 = Debug|Any CPU
		{5573D240-03CD-4051-8FEA-2BBAB2D09006}.Debug|x64.ActiveCfg = Debug|Any CPU
		{5573D240-03CD-4051-8FEA-2BBAB2D09006}.Debug|x64.Build.0 = Debug|Any CPU
		{5573D240-03CD-4051-8FEA-2BBAB2D09006}.Debug|x86.ActiveCfg = Debug|Any CPU
		{5573D240-03CD-4051-8FEA-2BBAB2D09006}.Debug|x86.Build.0 = Debug|Any CPU
		{5573D240-03CD-4051-8FEA-2BBAB2D09006}.Release|Any CPU.ActiveCfg = Release|Any CPU
		{5573D240-03CD-4051-8FEA-2BBAB2D09006}.Release|Any CPU.Build.0 = Release|Any CPU
		{5573D240-03CD-4051-8FEA-2BBAB2D09006}.Release|x64.ActiveCfg = Release|Any CPU
		{5573D240-03CD-4051-8FEA-2BBAB2D09006}.Release|x64.Build.0 = Release|Any CPU
		{5573D240-03CD-4051-8FEA-2BBAB2D09006}.Release|x86.ActiveCfg = Release|Any CPU
		{5573D240-03CD-4051-8FEA-2BBAB2D09006}.Release|x86.Build.0 = Release|Any CPU
		{86474BFA-9575-4E79-88AE-4B1646746107}.Debug|Any CPU.ActiveCfg = Debug|Any CPU
		{86474BFA-9575-4E79-88AE-4B1646746107}.Debug|Any CPU.Build.0 = Debug|Any CPU
		{86474BFA-9575-4E79-88AE-4B1646746107}.Debug|x64.ActiveCfg = Debug|Any CPU
		{86474BFA-9575-4E79-88AE-4B1646746107}.Debug|x64.Build.0 = Debug|Any CPU
		{86474BFA-9575-4E79-88AE-4B1646746107}.Debug|x86.ActiveCfg = Debug|Any CPU
		{86474BFA-9575-4E79-88AE-4B1646746107}.Debug|x86.Build.0 = Debug|Any CPU
		{86474BFA-9575-4E79-88AE-4B1646746107}.Release|Any CPU.ActiveCfg = Release|Any CPU
		{86474BFA-9575-4E79-88AE-4B1646746107}.Release|Any CPU.Build.0 = Release|Any CPU
		{86474BFA-9575-4E79-88AE-4B1646746107}.Release|x64.ActiveCfg = Release|Any CPU
		{86474BFA-9575-4E79-88AE-4B1646746107}.Release|x64.Build.0 = Release|Any CPU
		{86474BFA-9575-4E79-88AE-4B1646746107}.Release|x86.ActiveCfg = Release|Any CPU
		{86474BFA-9575-4E79-88AE-4B1646746107}.Release|x86.Build.0 = Release|Any CPU
		{B8C9D123-4567-4C89-9012-345678901234}.Debug|Any CPU.ActiveCfg = Debug|Any CPU
		{B8C9D123-4567-4C89-9012-345678901234}.Debug|Any CPU.Build.0 = Debug|Any CPU
		{B8C9D123-4567-4C89-9012-345678901234}.Debug|x64.ActiveCfg = Debug|Any CPU
		{B8C9D123-4567-4C89-9012-345678901234}.Debug|x64.Build.0 = Debug|Any CPU
		{B8C9D123-4567-4C89-9012-345678901234}.Debug|x86.ActiveCfg = Debug|Any CPU
		{B8C9D123-4567-4C89-9012-345678901234}.Debug|x86.Build.0 = Debug|Any CPU
		{B8C9D123-4567-4C89-9012-345678901234}.Release|Any CPU.ActiveCfg = Release|Any CPU
		{B8C9D123-4567-4C89-9012-345678901234}.Release|Any CPU.Build.0 = Release|Any CPU
		{B8C9D123-4567-4C89-9012-345678901234}.Release|x64.ActiveCfg = Release|Any CPU
		{B8C9D123-4567-4C89-9012-345678901234}.Release|x64.Build.0 = Release|Any CPU
		{B8C9D123-4567-4C89-9012-345678901234}.Release|x86.ActiveCfg = Release|Any CPU
		{B8C9D123-4567-4C89-9012-345678901234}.Release|x86.Build.0 = Release|Any CPU
		{C9D0E234-5678-4D9A-0123-456789012345}.Debug|Any CPU.ActiveCfg = Debug|Any CPU
		{C9D0E234-5678-4D9A-0123-456789012345}.Debug|Any CPU.Build.0 = Debug|Any CPU
		{C9D0E234-5678-4D9A-0123-456789012345}.Debug|x64.ActiveCfg = Debug|Any CPU
		{C9D0E234-5678-4D9A-0123-456789012345}.Debug|x64.Build.0 = Debug|Any CPU
		{C9D0E234-5678-4D9A-0123-456789012345}.Debug|x86.ActiveCfg = Debug|Any CPU
		{C9D0E234-5678-4D9A-0123-456789012345}.Debug|x86.Build.0 = Debug|Any CPU
		{C9D0E234-5678-4D9A-0123-456789012345}.Release|Any CPU.ActiveCfg = Release|Any CPU
		{C9D0E234-5678-4D9A-0123-456789012345}.Release|Any CPU.Build.0 = Release|Any CPU
		{C9D0E234-5678-4D9A-0123-456789012345}.Release|x64.ActiveCfg = Release|Any CPU
		{C9D0E234-5678-4D9A-0123-456789012345}.Release|x64.Build.0 = Release|Any CPU
		{C9D0E234-5678-4D9A-0123-456789012345}.Release|x86.ActiveCfg = Release|Any CPU
		{C9D0E234-5678-4D9A-0123-456789012345}.Release|x86.Build.0 = Release|Any CPU
		{33CD3D8F-8ADF-4B35-8C90-4ED8BE76BA1A}.Debug|Any CPU.ActiveCfg = Debug|Any CPU
		{33CD3D8F-8ADF-4B35-8C90-4ED8BE76BA1A}.Debug|Any CPU.Build.0 = Debug|Any CPU
		{33CD3D8F-8ADF-4B35-8C90-4ED8BE76BA1A}.Debug|x64.ActiveCfg = Debug|Any CPU
		{33CD3D8F-8ADF-4B35-8C90-4ED8BE76BA1A}.Debug|x64.Build.0 = Debug|Any CPU
		{33CD3D8F-8ADF-4B35-8C90-4ED8BE76BA1A}.Debug|x86.ActiveCfg = Debug|Any CPU
		{33CD3D8F-8ADF-4B35-8C90-4ED8BE76BA1A}.Debug|x86.Build.0 = Debug|Any CPU
		{33CD3D8F-8ADF-4B35-8C90-4ED8BE76BA1A}.Release|Any CPU.ActiveCfg = Release|Any CPU
		{33CD3D8F-8ADF-4B35-8C90-4ED8BE76BA1A}.Release|Any CPU.Build.0 = Release|Any CPU
		{33CD3D8F-8ADF-4B35-8C90-4ED8BE76BA1A}.Release|x64.ActiveCfg = Release|Any CPU
		{33CD3D8F-8ADF-4B35-8C90-4ED8BE76BA1A}.Release|x64.Build.0 = Release|Any CPU
		{33CD3D8F-8ADF-4B35-8C90-4ED8BE76BA1A}.Release|x86.ActiveCfg = Release|Any CPU
		{33CD3D8F-8ADF-4B35-8C90-4ED8BE76BA1A}.Release|x86.Build.0 = Release|Any CPU
		{89B40B5A-433A-4479-81FD-D6B3DD2FE042}.Debug|Any CPU.ActiveCfg = Debug|Any CPU
		{89B40B5A-433A-4479-81FD-D6B3DD2FE042}.Debug|Any CPU.Build.0 = Debug|Any CPU
		{89B40B5A-433A-4479-81FD-D6B3DD2FE042}.Debug|x64.ActiveCfg = Debug|Any CPU
		{89B40B5A-433A-4479-81FD-D6B3DD2FE042}.Debug|x64.Build.0 = Debug|Any CPU
		{89B40B5A-433A-4479-81FD-D6B3DD2FE042}.Debug|x86.ActiveCfg = Debug|Any CPU
		{89B40B5A-433A-4479-81FD-D6B3DD2FE042}.Debug|x86.Build.0 = Debug|Any CPU
		{89B40B5A-433A-4479-81FD-D6B3DD2FE042}.Release|Any CPU.ActiveCfg = Release|Any CPU
		{89B40B5A-433A-4479-81FD-D6B3DD2FE042}.Release|Any CPU.Build.0 = Release|Any CPU
		{89B40B5A-433A-4479-81FD-D6B3DD2FE042}.Release|x64.ActiveCfg = Release|Any CPU
		{89B40B5A-433A-4479-81FD-D6B3DD2FE042}.Release|x64.Build.0 = Release|Any CPU
		{89B40B5A-433A-4479-81FD-D6B3DD2FE042}.Release|x86.ActiveCfg = Release|Any CPU
		{89B40B5A-433A-4479-81FD-D6B3DD2FE042}.Release|x86.Build.0 = Release|Any CPU
		{B6A11D36-3F44-4344-A774-E14CFD382245}.Debug|Any CPU.ActiveCfg = Debug|Any CPU
		{B6A11D36-3F44-4344-A774-E14CFD382245}.Debug|Any CPU.Build.0 = Debug|Any CPU
		{B6A11D36-3F44-4344-A774-E14CFD382245}.Debug|x64.ActiveCfg = Debug|Any CPU
		{B6A11D36-3F44-4344-A774-E14CFD382245}.Debug|x64.Build.0 = Debug|Any CPU
		{B6A11D36-3F44-4344-A774-E14CFD382245}.Debug|x86.ActiveCfg = Debug|Any CPU
		{B6A11D36-3F44-4344-A774-E14CFD382245}.Debug|x86.Build.0 = Debug|Any CPU
		{B6A11D36-3F44-4344-A774-E14CFD382245}.Release|Any CPU.ActiveCfg = Release|Any CPU
		{B6A11D36-3F44-4344-A774-E14CFD382245}.Release|Any CPU.Build.0 = Release|Any CPU
		{B6A11D36-3F44-4344-A774-E14CFD382245}.Release|x64.ActiveCfg = Release|Any CPU
		{B6A11D36-3F44-4344-A774-E14CFD382245}.Release|x64.Build.0 = Release|Any CPU
		{B6A11D36-3F44-4344-A774-E14CFD382245}.Release|x86.ActiveCfg = Release|Any CPU
		{B6A11D36-3F44-4344-A774-E14CFD382245}.Release|x86.Build.0 = Release|Any CPU
	EndGlobalSection
	GlobalSection(SolutionProperties) = preSolution
		HideSolutionNode = FALSE
	EndGlobalSection
EndGlobal
